
Microsoft Visual Studio Solution File, Format Version 12.00
# Visual Studio Version 17
VisualStudioVersion = 17.2.32616.157
MinimumVisualStudioVersion = 10.0.40219.1
Project("{9A19103F-16F7-4668-BE54-9A1E7A4F7556}") = "PropertiesListings", "PropertiesListings.csproj", "{ABAA67E0-02C1-403B-9A37-D8321C00B0F5}"
EndProject
Global
	GlobalSection(SolutionConfigurationPlatforms) = preSolution
		Debug|Any CPU = Debug|Any CPU
		Release|Any CPU = Release|Any CPU
	EndGlobalSection
	GlobalSection(ProjectConfigurationPlatforms) = postSolution
		{ABAA67E0-02C1-403B-9A37-D8321C00B0F5}.Debug|Any CPU.ActiveCfg = Debug|Any CPU
		{ABAA67E0-02C1-403B-9A37-D8321C00B0F5}.Debug|Any CPU.Build.0 = Debug|Any CPU
		{ABAA67E0-02C1-403B-9A37-D8321C00B0F5}.Release|Any CPU.ActiveCfg = Release|Any CPU
		{ABAA67E0-02C1-403B-9A37-D8321C00B0F5}.Release|Any CPU.Build.0 = Release|Any CPU
	EndGlobalSection
	GlobalSection(SolutionProperties) = preSolution
		HideSolutionNode = FALSE
	EndGlobalSection
	GlobalSection(ExtensibilityGlobals) = postSolution
		SolutionGuid = {518E3E2A-E790-46CE-9B13-AE66FF433B68}
	EndGlobalSection
EndGlobal
